
Microsoft Visual Studio Solution File, Format Version 12.00
# Visual Studio Version 16
VisualStudioVersion = 16.0.31729.503
MinimumVisualStudioVersion = 10.0.40219.1
Project("{FAE04EC0-301F-11D3-BF4B-00C04F79EFBC}") = "WebApplication", "WebApplication\WebApplication.csproj", "{D09EC512-A6E3-4BCF-90F1-1A8867FB6197}"
EndProject
Global
	GlobalSection(SolutionConfigurationPlatforms) = preSolution
		Debug|Any CPU = Debug|Any CPU
		Release|Any CPU = Release|Any CPU
	EndGlobalSection
	GlobalSection(ProjectConfigurationPlatforms) = postSolution
		{D09EC512-A6E3-4BCF-90F1-1A8867FB6197}.Debug|Any CPU.ActiveCfg = Debug|Any CPU
		{D09EC512-A6E3-4BCF-90F1-1A8867FB6197}.Debug|Any CPU.Build.0 = Debug|Any CPU
		{D09EC512-A6E3-4BCF-90F1-1A8867FB6197}.Release|Any CPU.ActiveCfg = Release|Any CPU
		{D09EC512-A6E3-4BCF-90F1-1A8867FB6197}.Release|Any CPU.Build.0 = Release|Any CPU
	EndGlobalSection
	GlobalSection(SolutionProperties) = preSolution
		HideSolutionNode = FALSE
	EndGlobalSection
	GlobalSection(ExtensibilityGlobals) = postSolution
		SolutionGuid = {5FA0D0B3-928B-4911-A2D0-DC8BBF0B0D9B}
	EndGlobalSection
EndGlobal
